
Microsoft Visual Studio Solution File, Format Version 12.00
# Visual Studio 15
Project("{FAE04EC0-301F-11D3-BF4B-00C04F79EFBC}") = "Oculus.Platform", "Oculus.Platform.csproj", "{7201F614-10BC-D04B-E8CB-DD6D3D93B71B}"
EndProject
Project("{FAE04EC0-301F-11D3-BF4B-00C04F79EFBC}") = "Assembly-CSharp", "Assembly-CSharp.csproj", "{6D946956-303F-5060-2C8E-1244C4DF2871}"
EndProject
Project("{FAE04EC0-301F-11D3-BF4B-00C04F79EFBC}") = "Oculus.Spatializer", "Oculus.Spatializer.csproj", "{D3440590-4676-C358-E18E-67D9B0943E6F}"
EndProject
Project("{FAE04EC0-301F-11D3-BF4B-00C04F79EFBC}") = "Oculus.Interaction", "Oculus.Interaction.csproj", "{98FFA8B6-903D-D6CA-AB8D-4934BF8B5CEA}"
EndProject
Project("{FAE04EC0-301F-11D3-BF4B-00C04F79EFBC}") = "Meta.WitAi", "Meta.WitAi.csproj", "{389F2CA9-D542-2105-B024-C5DC18981852}"
EndProject
Project("{FAE04EC0-301F-11D3-BF4B-00C04F79EFBC}") = "Oculus.Interaction.OVR.Samples", "Oculus.Interaction.OVR.Samples.csproj", "{7D7F2B52-F858-D739-E1A7-CB695BDEEF1D}"
EndProject
Project("{FAE04EC0-301F-11D3-BF4B-00C04F79EFBC}") = "Oculus.VR", "Oculus.VR.csproj", "{282B50D3-0CD4-D7F0-C89B-20E8EB044AAB}"
EndProject
Project("{FAE04EC0-301F-11D3-BF4B-00C04F79EFBC}") = "VoiceSDK.Dictation.Runtime", "VoiceSDK.Dictation.Runtime.csproj", "{1AEAE19B-77ED-F39D-7214-AD65325B61AD}"
EndProject
Project("{FAE04EC0-301F-11D3-BF4B-00C04F79EFBC}") = "Meta.WitAi.TTS", "Meta.WitAi.TTS.csproj", "{9D601E79-9C37-1EDF-9B53-0CF7338A3B62}"
EndProject
Project("{FAE04EC0-301F-11D3-BF4B-00C04F79EFBC}") = "Oculus.AudioManager", "Oculus.AudioManager.csproj", "{4BB2940D-D79E-1C67-2668-B67A4BC73450}"
EndProject
Project("{FAE04EC0-301F-11D3-BF4B-00C04F79EFBC}") = "VoiceSDK.Runtime", "VoiceSDK.Runtime.csproj", "{CC37F85B-6038-EA2F-E94F-FDEC9412A494}"
EndProject
Project("{FAE04EC0-301F-11D3-BF4B-00C04F79EFBC}") = "Facebook.Wit.Dictation", "Facebook.Wit.Dictation.csproj", "{B7F10075-A158-C5A1-03B9-9DCDC3A81D4A}"
EndProject
Project("{FAE04EC0-301F-11D3-BF4B-00C04F79EFBC}") = "Meta.WitAi.Lib", "Meta.WitAi.Lib.csproj", "{81636D39-3D44-B7CD-D815-C293FCFAF1DC}"
EndProject
Project("{FAE04EC0-301F-11D3-BF4B-00C04F79EFBC}") = "Meta.WitAi.TTS.Samples", "Meta.WitAi.TTS.Samples.csproj", "{C97E4196-AFE9-B517-4843-CEDACBD41E49}"
EndProject
Project("{FAE04EC0-301F-11D3-BF4B-00C04F79EFBC}") = "Oculus.Voice.Demo", "Oculus.Voice.Demo.csproj", "{C9068CC0-810E-BB9C-1226-EC4A071BAA56}"
EndProject
Project("{FAE04EC0-301F-11D3-BF4B-00C04F79EFBC}") = "Oculus.Interaction.OVR", "Oculus.Interaction.OVR.csproj", "{7D52A165-C4FE-C2F2-3905-4FBB2D196D87}"
EndProject
Project("{FAE04EC0-301F-11D3-BF4B-00C04F79EFBC}") = "AssistantCoreSDKRuntime", "AssistantCoreSDKRuntime.csproj", "{9698D89B-C53F-3372-CEB6-36BB053D0026}"
EndProject
Project("{FAE04EC0-301F-11D3-BF4B-00C04F79EFBC}") = "Meta.WitAi.Conduit", "Meta.WitAi.Conduit.csproj", "{5923E087-FCBF-2896-406B-6B98B0B2E21C}"
EndProject
Project("{FAE04EC0-301F-11D3-BF4B-00C04F79EFBC}") = "Oculus.LipSync", "Oculus.LipSync.csproj", "{107DB12F-ED9A-7A38-2A1D-431A504E5EF4}"
EndProject
Project("{FAE04EC0-301F-11D3-BF4B-00C04F79EFBC}") = "Unity.XR.Interaction.Toolkit.Samples.StarterAssets", "Unity.XR.Interaction.Toolkit.Samples.StarterAssets.csproj", "{E7BDDB18-188A-67E4-B809-401A8C7F0553}"
EndProject
Project("{FAE04EC0-301F-11D3-BF4B-00C04F79EFBC}") = "Meta.VoiceSDK.Mic.Other", "Meta.VoiceSDK.Mic.Other.csproj", "{C5165729-4681-F5FC-CD72-773728565B11}"
EndProject
Project("{FAE04EC0-301F-11D3-BF4B-00C04F79EFBC}") = "Meta.VoiceSDK.Mic.Common", "Meta.VoiceSDK.Mic.Common.csproj", "{286E7A9C-DFD4-410A-A5CB-E42A905FD705}"
EndProject
Project("{FAE04EC0-301F-11D3-BF4B-00C04F79EFBC}") = "Assembly-CSharp-firstpass", "Assembly-CSharp-firstpass.csproj", "{457DA21D-262F-46A2-3C8A-A7EDCD8D52C5}"
EndProject
Project("{FAE04EC0-301F-11D3-BF4B-00C04F79EFBC}") = "Meta.WitAi.Editor", "Meta.WitAi.Editor.csproj", "{DB58AA47-DF82-F9F9-F9F7-1FDDE6C674FE}"
EndProject
Project("{FAE04EC0-301F-11D3-BF4B-00C04F79EFBC}") = "Meta.WitAi.Conduit.Editor", "Meta.WitAi.Conduit.Editor.csproj", "{91C3238A-E1C6-C8C0-C282-64CA943716BA}"
EndProject
Project("{FAE04EC0-301F-11D3-BF4B-00C04F79EFBC}") = "Oculus.Interaction.Editor", "Oculus.Interaction.Editor.csproj", "{EFC6A7D4-3FD1-A67F-9DD5-E4FC4D61AB31}"
EndProject
Project("{FAE04EC0-301F-11D3-BF4B-00C04F79EFBC}") = "Meta.WitAI.Lib.Editor", "Meta.WitAI.Lib.Editor.csproj", "{FD53656C-B371-797A-4251-8F6E1EC4F69D}"
EndProject
Project("{FAE04EC0-301F-11D3-BF4B-00C04F79EFBC}") = "Oculus.VR.Editor", "Oculus.VR.Editor.csproj", "{65CDF75F-9D24-B380-2846-F714C5CAC4FA}"
EndProject
Project("{FAE04EC0-301F-11D3-BF4B-00C04F79EFBC}") = "Assembly-CSharp-Editor", "Assembly-CSharp-Editor.csproj", "{8BCF569E-BB93-41DE-4498-4F07C1CD9001}"
EndProject
Project("{FAE04EC0-301F-11D3-BF4B-00C04F79EFBC}") = "Oculus.Interaction.OVR.Editor", "Oculus.Interaction.OVR.Editor.csproj", "{FA8F3912-01F9-31CB-D429-66460774D7AE}"
EndProject
Project("{FAE04EC0-301F-11D3-BF4B-00C04F79EFBC}") = "Oculus.Interaction.Samples.Editor", "Oculus.Interaction.Samples.Editor.csproj", "{0AA171B8-055C-A3AD-F532-D09418AC53EF}"
EndProject
Project("{FAE04EC0-301F-11D3-BF4B-00C04F79EFBC}") = "Oculus.VR.Scripts.Editor", "Oculus.VR.Scripts.Editor.csproj", "{12081844-C9B6-C36D-4B75-3E499EBE8670}"
EndProject
Project("{FAE04EC0-301F-11D3-BF4B-00C04F79EFBC}") = "VoiceSDK.Editor", "VoiceSDK.Editor.csproj", "{E2F4F30A-0305-D683-83FA-BC03E7C01D97}"
EndProject
Project("{FAE04EC0-301F-11D3-BF4B-00C04F79EFBC}") = "Oculus.Spatializer.Editor", "Oculus.Spatializer.Editor.csproj", "{793F9D78-B595-B47A-3764-ABE64FD50E6A}"
EndProject
Project("{FAE04EC0-301F-11D3-BF4B-00C04F79EFBC}") = "Meta.WitAi.TTS.Editor", "Meta.WitAi.TTS.Editor.csproj", "{280B8F3C-7125-F83B-CB46-91BF7950E191}"
EndProject
Project("{FAE04EC0-301F-11D3-BF4B-00C04F79EFBC}") = "Facebook.Wit.Dictation.Editor", "Facebook.Wit.Dictation.Editor.csproj", "{61073969-AF0F-B23D-BA79-212C22D63553}"
EndProject
Project("{FAE04EC0-301F-11D3-BF4B-00C04F79EFBC}") = "VoiceSDK.Dictation.Editor", "VoiceSDK.Dictation.Editor.csproj", "{87D03D7B-14E7-8C00-FA6D-F93E5977054B}"
EndProject
Project("{FAE04EC0-301F-11D3-BF4B-00C04F79EFBC}") = "Oculus.Platform.Editor", "Oculus.Platform.Editor.csproj", "{FD110C64-4866-EF66-1F00-6B7A630D4993}"
EndProject
Project("{FAE04EC0-301F-11D3-BF4B-00C04F79EFBC}") = "Oculus.AudioManager.Audio.Editor", "Oculus.AudioManager.Audio.Editor.csproj", "{177E994E-7777-FD97-E790-A9DA9FC64811}"
EndProject
Project("{FAE04EC0-301F-11D3-BF4B-00C04F79EFBC}") = "Oculus.Interaction.InterfaceSupport", "Oculus.Interaction.InterfaceSupport.csproj", "{96E5BA31-5A42-AD43-4F10-10354604208F}"
EndProject
Project("{FAE04EC0-301F-11D3-BF4B-00C04F79EFBC}") = "Oculus.LipSync.Editor", "Oculus.LipSync.Editor.csproj", "{35CA5402-C638-1531-73CB-E30ABE23E9A0}"
EndProject
Project("{FAE04EC0-301F-11D3-BF4B-00C04F79EFBC}") = "AssistantCoreSDKEditor", "AssistantCoreSDKEditor.csproj", "{EA2CB475-45FD-49A6-F6EF-F2F1D3A73837}"
EndProject
Project("{FAE04EC0-301F-11D3-BF4B-00C04F79EFBC}") = "Oculus.AudioManager.Utils.Editor", "Oculus.AudioManager.Utils.Editor.csproj", "{B2F6D7B3-83D8-BE49-BD87-B2701E0A7270}"
EndProject
Global
	GlobalSection(SolutionConfigurationPlatforms) = preSolution
		Debug|Any CPU = Debug|Any CPU
		Release|Any CPU = Release|Any CPU
	EndGlobalSection
	GlobalSection(ProjectConfigurationPlatforms) = postSolution
		{7201F614-10BC-D04B-E8CB-DD6D3D93B71B}.Debug|Any CPU.ActiveCfg = Debug|Any CPU
		{7201F614-10BC-D04B-E8CB-DD6D3D93B71B}.Debug|Any CPU.Build.0 = Debug|Any CPU
		{7201F614-10BC-D04B-E8CB-DD6D3D93B71B}.Release|Any CPU.ActiveCfg = Release|Any CPU
		{7201F614-10BC-D04B-E8CB-DD6D3D93B71B}.Release|Any CPU.Build.0 = Release|Any CPU
		{6D946956-303F-5060-2C8E-1244C4DF2871}.Debug|Any CPU.ActiveCfg = Debug|Any CPU
		{6D946956-303F-5060-2C8E-1244C4DF2871}.Debug|Any CPU.Build.0 = Debug|Any CPU
		{6D946956-303F-5060-2C8E-1244C4DF2871}.Release|Any CPU.ActiveCfg = Release|Any CPU
		{6D946956-303F-5060-2C8E-1244C4DF2871}.Release|Any CPU.Build.0 = Release|Any CPU
		{D3440590-4676-C358-E18E-67D9B0943E6F}.Debug|Any CPU.ActiveCfg = Debug|Any CPU
		{D3440590-4676-C358-E18E-67D9B0943E6F}.Debug|Any CPU.Build.0 = Debug|Any CPU
		{D3440590-4676-C358-E18E-67D9B0943E6F}.Release|Any CPU.ActiveCfg = Release|Any CPU
		{D3440590-4676-C358-E18E-67D9B0943E6F}.Release|Any CPU.Build.0 = Release|Any CPU
		{98FFA8B6-903D-D6CA-AB8D-4934BF8B5CEA}.Debug|Any CPU.ActiveCfg = Debug|Any CPU
		{98FFA8B6-903D-D6CA-AB8D-4934BF8B5CEA}.Debug|Any CPU.Build.0 = Debug|Any CPU
		{98FFA8B6-903D-D6CA-AB8D-4934BF8B5CEA}.Release|Any CPU.ActiveCfg = Release|Any CPU
		{98FFA8B6-903D-D6CA-AB8D-4934BF8B5CEA}.Release|Any CPU.Build.0 = Release|Any CPU
		{389F2CA9-D542-2105-B024-C5DC18981852}.Debug|Any CPU.ActiveCfg = Debug|Any CPU
		{389F2CA9-D542-2105-B024-C5DC18981852}.Debug|Any CPU.Build.0 = Debug|Any CPU
		{389F2CA9-D542-2105-B024-C5DC18981852}.Release|Any CPU.ActiveCfg = Release|Any CPU
		{389F2CA9-D542-2105-B024-C5DC18981852}.Release|Any CPU.Build.0 = Release|Any CPU
		{7D7F2B52-F858-D739-E1A7-CB695BDEEF1D}.Debug|Any CPU.ActiveCfg = Debug|Any CPU
		{7D7F2B52-F858-D739-E1A7-CB695BDEEF1D}.Debug|Any CPU.Build.0 = Debug|Any CPU
		{7D7F2B52-F858-D739-E1A7-CB695BDEEF1D}.Release|Any CPU.ActiveCfg = Release|Any CPU
		{7D7F2B52-F858-D739-E1A7-CB695BDEEF1D}.Release|Any CPU.Build.0 = Release|Any CPU
		{282B50D3-0CD4-D7F0-C89B-20E8EB044AAB}.Debug|Any CPU.ActiveCfg = Debug|Any CPU
		{282B50D3-0CD4-D7F0-C89B-20E8EB044AAB}.Debug|Any CPU.Build.0 = Debug|Any CPU
		{282B50D3-0CD4-D7F0-C89B-20E8EB044AAB}.Release|Any CPU.ActiveCfg = Release|Any CPU
		{282B50D3-0CD4-D7F0-C89B-20E8EB044AAB}.Release|Any CPU.Build.0 = Release|Any CPU
		{1AEAE19B-77ED-F39D-7214-AD65325B61AD}.Debug|Any CPU.ActiveCfg = Debug|Any CPU
		{1AEAE19B-77ED-F39D-7214-AD65325B61AD}.Debug|Any CPU.Build.0 = Debug|Any CPU
		{1AEAE19B-77ED-F39D-7214-AD65325B61AD}.Release|Any CPU.ActiveCfg = Release|Any CPU
		{1AEAE19B-77ED-F39D-7214-AD65325B61AD}.Release|Any CPU.Build.0 = Release|Any CPU
		{9D601E79-9C37-1EDF-9B53-0CF7338A3B62}.Debug|Any CPU.ActiveCfg = Debug|Any CPU
		{9D601E79-9C37-1EDF-9B53-0CF7338A3B62}.Debug|Any CPU.Build.0 = Debug|Any CPU
		{9D601E79-9C37-1EDF-9B53-0CF7338A3B62}.Release|Any CPU.ActiveCfg = Release|Any CPU
		{9D601E79-9C37-1EDF-9B53-0CF7338A3B62}.Release|Any CPU.Build.0 = Release|Any CPU
		{4BB2940D-D79E-1C67-2668-B67A4BC73450}.Debug|Any CPU.ActiveCfg = Debug|Any CPU
		{4BB2940D-D79E-1C67-2668-B67A4BC73450}.Debug|Any CPU.Build.0 = Debug|Any CPU
		{4BB2940D-D79E-1C67-2668-B67A4BC73450}.Release|Any CPU.ActiveCfg = Release|Any CPU
		{4BB2940D-D79E-1C67-2668-B67A4BC73450}.Release|Any CPU.Build.0 = Release|Any CPU
		{CC37F85B-6038-EA2F-E94F-FDEC9412A494}.Debug|Any CPU.ActiveCfg = Debug|Any CPU
		{CC37F85B-6038-EA2F-E94F-FDEC9412A494}.Debug|Any CPU.Build.0 = Debug|Any CPU
		{CC37F85B-6038-EA2F-E94F-FDEC9412A494}.Release|Any CPU.ActiveCfg = Release|Any CPU
		{CC37F85B-6038-EA2F-E94F-FDEC9412A494}.Release|Any CPU.Build.0 = Release|Any CPU
		{B7F10075-A158-C5A1-03B9-9DCDC3A81D4A}.Debug|Any CPU.ActiveCfg = Debug|Any CPU
		{B7F10075-A158-C5A1-03B9-9DCDC3A81D4A}.Debug|Any CPU.Build.0 = Debug|Any CPU
		{B7F10075-A158-C5A1-03B9-9DCDC3A81D4A}.Release|Any CPU.ActiveCfg = Release|Any CPU
		{B7F10075-A158-C5A1-03B9-9DCDC3A81D4A}.Release|Any CPU.Build.0 = Release|Any CPU
		{81636D39-3D44-B7CD-D815-C293FCFAF1DC}.Debug|Any CPU.ActiveCfg = Debug|Any CPU
		{81636D39-3D44-B7CD-D815-C293FCFAF1DC}.Debug|Any CPU.Build.0 = Debug|Any CPU
		{81636D39-3D44-B7CD-D815-C293FCFAF1DC}.Release|Any CPU.ActiveCfg = Release|Any CPU
		{81636D39-3D44-B7CD-D815-C293FCFAF1DC}.Release|Any CPU.Build.0 = Release|Any CPU
		{C97E4196-AFE9-B517-4843-CEDACBD41E49}.Debug|Any CPU.ActiveCfg = Debug|Any CPU
		{C97E4196-AFE9-B517-4843-CEDACBD41E49}.Debug|Any CPU.Build.0 = Debug|Any CPU
		{C97E4196-AFE9-B517-4843-CEDACBD41E49}.Release|Any CPU.ActiveCfg = Release|Any CPU
		{C97E4196-AFE9-B517-4843-CEDACBD41E49}.Release|Any CPU.Build.0 = Release|Any CPU
		{C9068CC0-810E-BB9C-1226-EC4A071BAA56}.Debug|Any CPU.ActiveCfg = Debug|Any CPU
		{C9068CC0-810E-BB9C-1226-EC4A071BAA56}.Debug|Any CPU.Build.0 = Debug|Any CPU
		{C9068CC0-810E-BB9C-1226-EC4A071BAA56}.Release|Any CPU.ActiveCfg = Release|Any CPU
		{C9068CC0-810E-BB9C-1226-EC4A071BAA56}.Release|Any CPU.Build.0 = Release|Any CPU
		{7D52A165-C4FE-C2F2-3905-4FBB2D196D87}.Debug|Any CPU.ActiveCfg = Debug|Any CPU
		{7D52A165-C4FE-C2F2-3905-4FBB2D196D87}.Debug|Any CPU.Build.0 = Debug|Any CPU
		{7D52A165-C4FE-C2F2-3905-4FBB2D196D87}.Release|Any CPU.ActiveCfg = Release|Any CPU
		{7D52A165-C4FE-C2F2-3905-4FBB2D196D87}.Release|Any CPU.Build.0 = Release|Any CPU
		{9698D89B-C53F-3372-CEB6-36BB053D0026}.Debug|Any CPU.ActiveCfg = Debug|Any CPU
		{9698D89B-C53F-3372-CEB6-36BB053D0026}.Debug|Any CPU.Build.0 = Debug|Any CPU
		{9698D89B-C53F-3372-CEB6-36BB053D0026}.Release|Any CPU.ActiveCfg = Release|Any CPU
		{9698D89B-C53F-3372-CEB6-36BB053D0026}.Release|Any CPU.Build.0 = Release|Any CPU
		{5923E087-FCBF-2896-406B-6B98B0B2E21C}.Debug|Any CPU.ActiveCfg = Debug|Any CPU
		{5923E087-FCBF-2896-406B-6B98B0B2E21C}.Debug|Any CPU.Build.0 = Debug|Any CPU
		{5923E087-FCBF-2896-406B-6B98B0B2E21C}.Release|Any CPU.ActiveCfg = Release|Any CPU
		{5923E087-FCBF-2896-406B-6B98B0B2E21C}.Release|Any CPU.Build.0 = Release|Any CPU
		{107DB12F-ED9A-7A38-2A1D-431A504E5EF4}.Debug|Any CPU.ActiveCfg = Debug|Any CPU
		{107DB12F-ED9A-7A38-2A1D-431A504E5EF4}.Debug|Any CPU.Build.0 = Debug|Any CPU
		{107DB12F-ED9A-7A38-2A1D-431A504E5EF4}.Release|Any CPU.ActiveCfg = Release|Any CPU
		{107DB12F-ED9A-7A38-2A1D-431A504E5EF4}.Release|Any CPU.Build.0 = Release|Any CPU
		{E7BDDB18-188A-67E4-B809-401A8C7F0553}.Debug|Any CPU.ActiveCfg = Debug|Any CPU
		{E7BDDB18-188A-67E4-B809-401A8C7F0553}.Debug|Any CPU.Build.0 = Debug|Any CPU
		{E7BDDB18-188A-67E4-B809-401A8C7F0553}.Release|Any CPU.ActiveCfg = Release|Any CPU
		{E7BDDB18-188A-67E4-B809-401A8C7F0553}.Release|Any CPU.Build.0 = Release|Any CPU
		{C5165729-4681-F5FC-CD72-773728565B11}.Debug|Any CPU.ActiveCfg = Debug|Any CPU
		{C5165729-4681-F5FC-CD72-773728565B11}.Debug|Any CPU.Build.0 = Debug|Any CPU
		{C5165729-4681-F5FC-CD72-773728565B11}.Release|Any CPU.ActiveCfg = Release|Any CPU
		{C5165729-4681-F5FC-CD72-773728565B11}.Release|Any CPU.Build.0 = Release|Any CPU
		{286E7A9C-DFD4-410A-A5CB-E42A905FD705}.Debug|Any CPU.ActiveCfg = Debug|Any CPU
		{286E7A9C-DFD4-410A-A5CB-E42A905FD705}.Debug|Any CPU.Build.0 = Debug|Any CPU
		{286E7A9C-DFD4-410A-A5CB-E42A905FD705}.Release|Any CPU.ActiveCfg = Release|Any CPU
		{286E7A9C-DFD4-410A-A5CB-E42A905FD705}.Release|Any CPU.Build.0 = Release|Any CPU
		{457DA21D-262F-46A2-3C8A-A7EDCD8D52C5}.Debug|Any CPU.ActiveCfg = Debug|Any CPU
		{457DA21D-262F-46A2-3C8A-A7EDCD8D52C5}.Debug|Any CPU.Build.0 = Debug|Any CPU
		{457DA21D-262F-46A2-3C8A-A7EDCD8D52C5}.Release|Any CPU.ActiveCfg = Release|Any CPU
		{457DA21D-262F-46A2-3C8A-A7EDCD8D52C5}.Release|Any CPU.Build.0 = Release|Any CPU
		{DB58AA47-DF82-F9F9-F9F7-1FDDE6C674FE}.Debug|Any CPU.ActiveCfg = Debug|Any CPU
		{DB58AA47-DF82-F9F9-F9F7-1FDDE6C674FE}.Debug|Any CPU.Build.0 = Debug|Any CPU
		{DB58AA47-DF82-F9F9-F9F7-1FDDE6C674FE}.Release|Any CPU.ActiveCfg = Release|Any CPU
		{DB58AA47-DF82-F9F9-F9F7-1FDDE6C674FE}.Release|Any CPU.Build.0 = Release|Any CPU
		{91C3238A-E1C6-C8C0-C282-64CA943716BA}.Debug|Any CPU.ActiveCfg = Debug|Any CPU
		{91C3238A-E1C6-C8C0-C282-64CA943716BA}.Debug|Any CPU.Build.0 = Debug|Any CPU
		{91C3238A-E1C6-C8C0-C282-64CA943716BA}.Release|Any CPU.ActiveCfg = Release|Any CPU
		{91C3238A-E1C6-C8C0-C282-64CA943716BA}.Release|Any CPU.Build.0 = Release|Any CPU
		{EFC6A7D4-3FD1-A67F-9DD5-E4FC4D61AB31}.Debug|Any CPU.ActiveCfg = Debug|Any CPU
		{EFC6A7D4-3FD1-A67F-9DD5-E4FC4D61AB31}.Debug|Any CPU.Build.0 = Debug|Any CPU
		{EFC6A7D4-3FD1-A67F-9DD5-E4FC4D61AB31}.Release|Any CPU.ActiveCfg = Release|Any CPU
		{EFC6A7D4-3FD1-A67F-9DD5-E4FC4D61AB31}.Release|Any CPU.Build.0 = Release|Any CPU
		{FD53656C-B371-797A-4251-8F6E1EC4F69D}.Debug|Any CPU.ActiveCfg = Debug|Any CPU
		{FD53656C-B371-797A-4251-8F6E1EC4F69D}.Debug|Any CPU.Build.0 = Debug|Any CPU
		{FD53656C-B371-797A-4251-8F6E1EC4F69D}.Release|Any CPU.ActiveCfg = Release|Any CPU
		{FD53656C-B371-797A-4251-8F6E1EC4F69D}.Release|Any CPU.Build.0 = Release|Any CPU
		{65CDF75F-9D24-B380-2846-F714C5CAC4FA}.Debug|Any CPU.ActiveCfg = Debug|Any CPU
		{65CDF75F-9D24-B380-2846-F714C5CAC4FA}.Debug|Any CPU.Build.0 = Debug|Any CPU
		{65CDF75F-9D24-B380-2846-F714C5CAC4FA}.Release|Any CPU.ActiveCfg = Release|Any CPU
		{65CDF75F-9D24-B380-2846-F714C5CAC4FA}.Release|Any CPU.Build.0 = Release|Any CPU
		{8BCF569E-BB93-41DE-4498-4F07C1CD9001}.Debug|Any CPU.ActiveCfg = Debug|Any CPU
		{8BCF569E-BB93-41DE-4498-4F07C1CD9001}.Debug|Any CPU.Build.0 = Debug|Any CPU
		{8BCF569E-BB93-41DE-4498-4F07C1CD9001}.Release|Any CPU.ActiveCfg = Release|Any CPU
		{8BCF569E-BB93-41DE-4498-4F07C1CD9001}.Release|Any CPU.Build.0 = Release|Any CPU
		{FA8F3912-01F9-31CB-D429-66460774D7AE}.Debug|Any CPU.ActiveCfg = Debug|Any CPU
		{FA8F3912-01F9-31CB-D429-66460774D7AE}.Debug|Any CPU.Build.0 = Debug|Any CPU
		{FA8F3912-01F9-31CB-D429-66460774D7AE}.Release|Any CPU.ActiveCfg = Release|Any CPU
		{FA8F3912-01F9-31CB-D429-66460774D7AE}.Release|Any CPU.Build.0 = Release|Any CPU
		{0AA171B8-055C-A3AD-F532-D09418AC53EF}.Debug|Any CPU.ActiveCfg = Debug|Any CPU
		{0AA171B8-055C-A3AD-F532-D09418AC53EF}.Debug|Any CPU.Build.0 = Debug|Any CPU
		{0AA171B8-055C-A3AD-F532-D09418AC53EF}.Release|Any CPU.ActiveCfg = Release|Any CPU
		{0AA171B8-055C-A3AD-F532-D09418AC53EF}.Release|Any CPU.Build.0 = Release|Any CPU
		{12081844-C9B6-C36D-4B75-3E499EBE8670}.Debug|Any CPU.ActiveCfg = Debug|Any CPU
		{12081844-C9B6-C36D-4B75-3E499EBE8670}.Debug|Any CPU.Build.0 = Debug|Any CPU
		{12081844-C9B6-C36D-4B75-3E499EBE8670}.Release|Any CPU.ActiveCfg = Release|Any CPU
		{12081844-C9B6-C36D-4B75-3E499EBE8670}.Release|Any CPU.Build.0 = Release|Any CPU
		{E2F4F30A-0305-D683-83FA-BC03E7C01D97}.Debug|Any CPU.ActiveCfg = Debug|Any CPU
		{E2F4F30A-0305-D683-83FA-BC03E7C01D97}.Debug|Any CPU.Build.0 = Debug|Any CPU
		{E2F4F30A-0305-D683-83FA-BC03E7C01D97}.Release|Any CPU.ActiveCfg = Release|Any CPU
		{E2F4F30A-0305-D683-83FA-BC03E7C01D97}.Release|Any CPU.Build.0 = Release|Any CPU
		{793F9D78-B595-B47A-3764-ABE64FD50E6A}.Debug|Any CPU.ActiveCfg = Debug|Any CPU
		{793F9D78-B595-B47A-3764-ABE64FD50E6A}.Debug|Any CPU.Build.0 = Debug|Any CPU
		{793F9D78-B595-B47A-3764-ABE64FD50E6A}.Release|Any CPU.ActiveCfg = Release|Any CPU
		{793F9D78-B595-B47A-3764-ABE64FD50E6A}.Release|Any CPU.Build.0 = Release|Any CPU
		{280B8F3C-7125-F83B-CB46-91BF7950E191}.Debug|Any CPU.ActiveCfg = Debug|Any CPU
		{280B8F3C-7125-F83B-CB46-91BF7950E191}.Debug|Any CPU.Build.0 = Debug|Any CPU
		{280B8F3C-7125-F83B-CB46-91BF7950E191}.Release|Any CPU.ActiveCfg = Release|Any CPU
		{280B8F3C-7125-F83B-CB46-91BF7950E191}.Release|Any CPU.Build.0 = Release|Any CPU
		{61073969-AF0F-B23D-BA79-212C22D63553}.Debug|Any CPU.ActiveCfg = Debug|Any CPU
		{61073969-AF0F-B23D-BA79-212C22D63553}.Debug|Any CPU.Build.0 = Debug|Any CPU
		{61073969-AF0F-B23D-BA79-212C22D63553}.Release|Any CPU.ActiveCfg = Release|Any CPU
		{61073969-AF0F-B23D-BA79-212C22D63553}.Release|Any CPU.Build.0 = Release|Any CPU
		{87D03D7B-14E7-8C00-FA6D-F93E5977054B}.Debug|Any CPU.ActiveCfg = Debug|Any CPU
		{87D03D7B-14E7-8C00-FA6D-F93E5977054B}.Debug|Any CPU.Build.0 = Debug|Any CPU
		{87D03D7B-14E7-8C00-FA6D-F93E5977054B}.Release|Any CPU.ActiveCfg = Release|Any CPU
		{87D03D7B-14E7-8C00-FA6D-F93E5977054B}.Release|Any CPU.Build.0 = Release|Any CPU
		{FD110C64-4866-EF66-1F00-6B7A630D4993}.Debug|Any CPU.ActiveCfg = Debug|Any CPU
		{FD110C64-4866-EF66-1F00-6B7A630D4993}.Debug|Any CPU.Build.0 = Debug|Any CPU
		{FD110C64-4866-EF66-1F00-6B7A630D4993}.Release|Any CPU.ActiveCfg = Release|Any CPU
		{FD110C64-4866-EF66-1F00-6B7A630D4993}.Release|Any CPU.Build.0 = Release|Any CPU
		{177E994E-7777-FD97-E790-A9DA9FC64811}.Debug|Any CPU.ActiveCfg = Debug|Any CPU
		{177E994E-7777-FD97-E790-A9DA9FC64811}.Debug|Any CPU.Build.0 = Debug|Any CPU
		{177E994E-7777-FD97-E790-A9DA9FC64811}.Release|Any CPU.ActiveCfg = Release|Any CPU
		{177E994E-7777-FD97-E790-A9DA9FC64811}.Release|Any CPU.Build.0 = Release|Any CPU
		{96E5BA31-5A42-AD43-4F10-10354604208F}.Debug|Any CPU.ActiveCfg = Debug|Any CPU
		{96E5BA31-5A42-AD43-4F10-10354604208F}.Debug|Any CPU.Build.0 = Debug|Any CPU
		{96E5BA31-5A42-AD43-4F10-10354604208F}.Release|Any CPU.ActiveCfg = Release|Any CPU
		{96E5BA31-5A42-AD43-4F10-10354604208F}.Release|Any CPU.Build.0 = Release|Any CPU
		{35CA5402-C638-1531-73CB-E30ABE23E9A0}.Debug|Any CPU.ActiveCfg = Debug|Any CPU
		{35CA5402-C638-1531-73CB-E30ABE23E9A0}.Debug|Any CPU.Build.0 = Debug|Any CPU
		{35CA5402-C638-1531-73CB-E30ABE23E9A0}.Release|Any CPU.ActiveCfg = Release|Any CPU
		{35CA5402-C638-1531-73CB-E30ABE23E9A0}.Release|Any CPU.Build.0 = Release|Any CPU
		{EA2CB475-45FD-49A6-F6EF-F2F1D3A73837}.Debug|Any CPU.ActiveCfg = Debug|Any CPU
		{EA2CB475-45FD-49A6-F6EF-F2F1D3A73837}.Debug|Any CPU.Build.0 = Debug|Any CPU
		{EA2CB475-45FD-49A6-F6EF-F2F1D3A73837}.Release|Any CPU.ActiveCfg = Release|Any CPU
		{EA2CB475-45FD-49A6-F6EF-F2F1D3A73837}.Release|Any CPU.Build.0 = Release|Any CPU
		{B2F6D7B3-83D8-BE49-BD87-B2701E0A7270}.Debug|Any CPU.ActiveCfg = Debug|Any CPU
		{B2F6D7B3-83D8-BE49-BD87-B2701E0A7270}.Debug|Any CPU.Build.0 = Debug|Any CPU
		{B2F6D7B3-83D8-BE49-BD87-B2701E0A7270}.Release|Any CPU.ActiveCfg = Release|Any CPU
		{B2F6D7B3-83D8-BE49-BD87-B2701E0A7270}.Release|Any CPU.Build.0 = Release|Any CPU
	EndGlobalSection
	GlobalSection(SolutionProperties) = preSolution
		HideSolutionNode = FALSE
	EndGlobalSection
EndGlobal
